// !$*UTF8*$!
{
	archiveVersion = 1;
	classes = {
	};
	objectVersion = 55;
	objects = {

/* Begin PBXBuildFile section */
		2FC3BB06859F3FF0D8931A72 /* Pods_Spotify.framework in Frameworks */ = {isa = PBXBuildFile; fileRef = ABFD40A33984D3747ED8EC10 /* Pods_Spotify.framework */; };
		EE0A0E0D28747EB70006BFC6 /* AppDelegate.swift in Sources */ = {isa = PBXBuildFile; fileRef = EE0A0E0C28747EB70006BFC6 /* AppDelegate.swift */; };
		EE0A0E0F28747EB70006BFC6 /* SceneDelegate.swift in Sources */ = {isa = PBXBuildFile; fileRef = EE0A0E0E28747EB70006BFC6 /* SceneDelegate.swift */; };
		EE0A0E1628747EB80006BFC6 /* Assets.xcassets in Resources */ = {isa = PBXBuildFile; fileRef = EE0A0E1528747EB80006BFC6 /* Assets.xcassets */; };
		EE0A0E1928747EB80006BFC6 /* LaunchScreen.storyboard in Resources */ = {isa = PBXBuildFile; fileRef = EE0A0E1728747EB80006BFC6 /* LaunchScreen.storyboard */; };
		EE11A2322884420E00BD4B15 /* AuthAPITarget.swift in Sources */ = {isa = PBXBuildFile; fileRef = EE11A2312884420E00BD4B15 /* AuthAPITarget.swift */; };
		EE11A2342884466E00BD4B15 /* AuthService.swift in Sources */ = {isa = PBXBuildFile; fileRef = EE11A2332884466E00BD4B15 /* AuthService.swift */; };
		EE11A237288448F800BD4B15 /* Auth.swift in Sources */ = {isa = PBXBuildFile; fileRef = EE11A236288448F800BD4B15 /* Auth.swift */; };
		EE11A23C28844A5F00BD4B15 /* AuthViewController.swift in Sources */ = {isa = PBXBuildFile; fileRef = EE11A23B28844A5F00BD4B15 /* AuthViewController.swift */; };
		EE11A24128844B4100BD4B15 /* AuthViewModel.swift in Sources */ = {isa = PBXBuildFile; fileRef = EE11A24028844B4100BD4B15 /* AuthViewModel.swift */; };
		EE11A24328844C9800BD4B15 /* AuthStore.swift in Sources */ = {isa = PBXBuildFile; fileRef = EE11A24228844C9800BD4B15 /* AuthStore.swift */; };
		EE80532A2887FB7F001EEAE5 /* NotoSansKR-Bold.otf in Resources */ = {isa = PBXBuildFile; fileRef = EE8053272887FB7F001EEAE5 /* NotoSansKR-Bold.otf */; };
		EE80532B2887FB7F001EEAE5 /* NotoSansKR-Medium.otf in Resources */ = {isa = PBXBuildFile; fileRef = EE8053282887FB7F001EEAE5 /* NotoSansKR-Medium.otf */; };
		EE80532C2887FB7F001EEAE5 /* NotoSansKR-Light.otf in Resources */ = {isa = PBXBuildFile; fileRef = EE8053292887FB7F001EEAE5 /* NotoSansKR-Light.otf */; };
		EE80532E2887FB88001EEAE5 /* NotoSans-SemiBold.ttf in Resources */ = {isa = PBXBuildFile; fileRef = EE80532D2887FB88001EEAE5 /* NotoSans-SemiBold.ttf */; };
		EE8053322887FC1E001EEAE5 /* NSAttributedString+Extension.swift in Sources */ = {isa = PBXBuildFile; fileRef = EE8053312887FC1E001EEAE5 /* NSAttributedString+Extension.swift */; };
		EE8053342887FC59001EEAE5 /* Font+Extension.swift in Sources */ = {isa = PBXBuildFile; fileRef = EE8053332887FC59001EEAE5 /* Font+Extension.swift */; };
		EEC98BFF288810C1007D31AA /* UIColor+Extension.swift in Sources */ = {isa = PBXBuildFile; fileRef = EEC98BFE288810C1007D31AA /* UIColor+Extension.swift */; };
		EEC98C0128881117007D31AA /* Colors.xcassets in Resources */ = {isa = PBXBuildFile; fileRef = EEC98C0028881117007D31AA /* Colors.xcassets */; };
/* End PBXBuildFile section */

/* Begin PBXFileReference section */
		1DB089C993CE8868D66CAB9F /* Pods-Spotify.release.xcconfig */ = {isa = PBXFileReference; includeInIndex = 1; lastKnownFileType = text.xcconfig; name = "Pods-Spotify.release.xcconfig"; path = "Target Support Files/Pods-Spotify/Pods-Spotify.release.xcconfig"; sourceTree = "<group>"; };
		536F7B18CE287F688A9B4DF3 /* Pods-Spotify.debug.xcconfig */ = {isa = PBXFileReference; includeInIndex = 1; lastKnownFileType = text.xcconfig; name = "Pods-Spotify.debug.xcconfig"; path = "Target Support Files/Pods-Spotify/Pods-Spotify.debug.xcconfig"; sourceTree = "<group>"; };
		ABFD40A33984D3747ED8EC10 /* Pods_Spotify.framework */ = {isa = PBXFileReference; explicitFileType = wrapper.framework; includeInIndex = 0; path = Pods_Spotify.framework; sourceTree = BUILT_PRODUCTS_DIR; };
		EE0A0E0928747EB70006BFC6 /* Spotify.app */ = {isa = PBXFileReference; explicitFileType = wrapper.application; includeInIndex = 0; path = Spotify.app; sourceTree = BUILT_PRODUCTS_DIR; };
		EE0A0E0C28747EB70006BFC6 /* AppDelegate.swift */ = {isa = PBXFileReference; lastKnownFileType = sourcecode.swift; path = AppDelegate.swift; sourceTree = "<group>"; };
		EE0A0E0E28747EB70006BFC6 /* SceneDelegate.swift */ = {isa = PBXFileReference; lastKnownFileType = sourcecode.swift; path = SceneDelegate.swift; sourceTree = "<group>"; };
		EE0A0E1528747EB80006BFC6 /* Assets.xcassets */ = {isa = PBXFileReference; lastKnownFileType = folder.assetcatalog; path = Assets.xcassets; sourceTree = "<group>"; };
		EE0A0E1828747EB80006BFC6 /* Base */ = {isa = PBXFileReference; lastKnownFileType = file.storyboard; name = Base; path = Base.lproj/LaunchScreen.storyboard; sourceTree = "<group>"; };
		EE0A0E1A28747EB80006BFC6 /* Info.plist */ = {isa = PBXFileReference; lastKnownFileType = text.plist.xml; path = Info.plist; sourceTree = "<group>"; };
		EE11A2312884420E00BD4B15 /* AuthAPITarget.swift */ = {isa = PBXFileReference; lastKnownFileType = sourcecode.swift; path = AuthAPITarget.swift; sourceTree = "<group>"; };
		EE11A2332884466E00BD4B15 /* AuthService.swift */ = {isa = PBXFileReference; lastKnownFileType = sourcecode.swift; path = AuthService.swift; sourceTree = "<group>"; };
		EE11A236288448F800BD4B15 /* Auth.swift */ = {isa = PBXFileReference; lastKnownFileType = sourcecode.swift; path = Auth.swift; sourceTree = "<group>"; };
		EE11A23B28844A5F00BD4B15 /* AuthViewController.swift */ = {isa = PBXFileReference; lastKnownFileType = sourcecode.swift; path = AuthViewController.swift; sourceTree = "<group>"; };
		EE11A24028844B4100BD4B15 /* AuthViewModel.swift */ = {isa = PBXFileReference; lastKnownFileType = sourcecode.swift; path = AuthViewModel.swift; sourceTree = "<group>"; };
		EE11A24228844C9800BD4B15 /* AuthStore.swift */ = {isa = PBXFileReference; lastKnownFileType = sourcecode.swift; path = AuthStore.swift; sourceTree = "<group>"; };
		EE8053272887FB7F001EEAE5 /* NotoSansKR-Bold.otf */ = {isa = PBXFileReference; lastKnownFileType = file; path = "NotoSansKR-Bold.otf"; sourceTree = "<group>"; };
		EE8053282887FB7F001EEAE5 /* NotoSansKR-Medium.otf */ = {isa = PBXFileReference; lastKnownFileType = file; path = "NotoSansKR-Medium.otf"; sourceTree = "<group>"; };
		EE8053292887FB7F001EEAE5 /* NotoSansKR-Light.otf */ = {isa = PBXFileReference; lastKnownFileType = file; path = "NotoSansKR-Light.otf"; sourceTree = "<group>"; };
		EE80532D2887FB88001EEAE5 /* NotoSans-SemiBold.ttf */ = {isa = PBXFileReference; lastKnownFileType = file; path = "NotoSans-SemiBold.ttf"; sourceTree = "<group>"; };
		EE8053312887FC1E001EEAE5 /* NSAttributedString+Extension.swift */ = {isa = PBXFileReference; lastKnownFileType = sourcecode.swift; path = "NSAttributedString+Extension.swift"; sourceTree = "<group>"; };
		EE8053332887FC59001EEAE5 /* Font+Extension.swift */ = {isa = PBXFileReference; lastKnownFileType = sourcecode.swift; path = "Font+Extension.swift"; sourceTree = "<group>"; };
		EE8053382887FCB8001EEAE5 /* NotoSansKR-Regular.otf */ = {isa = PBXFileReference; lastKnownFileType = file; name = "NotoSansKR-Regular.otf"; path = "../../../../../../Downloads/Noto_Sans_KR/NotoSansKR-Regular.otf"; sourceTree = "<group>"; };
		EEC98BFE288810C1007D31AA /* UIColor+Extension.swift */ = {isa = PBXFileReference; lastKnownFileType = sourcecode.swift; path = "UIColor+Extension.swift"; sourceTree = "<group>"; };
		EEC98C0028881117007D31AA /* Colors.xcassets */ = {isa = PBXFileReference; lastKnownFileType = folder.assetcatalog; path = Colors.xcassets; sourceTree = "<group>"; };
/* End PBXFileReference section */

/* Begin PBXFrameworksBuildPhase section */
		EE0A0E0628747EB70006BFC6 /* Frameworks */ = {
			isa = PBXFrameworksBuildPhase;
			buildActionMask = 2147483647;
			files = (
				2FC3BB06859F3FF0D8931A72 /* Pods_Spotify.framework in Frameworks */,
			);
			runOnlyForDeploymentPostprocessing = 0;
		};
/* End PBXFrameworksBuildPhase section */

/* Begin PBXGroup section */
		234FF25DF7A0DD730916357B /* Pods */ = {
			isa = PBXGroup;
			children = (
				536F7B18CE287F688A9B4DF3 /* Pods-Spotify.debug.xcconfig */,
				1DB089C993CE8868D66CAB9F /* Pods-Spotify.release.xcconfig */,
			);
			path = Pods;
			sourceTree = "<group>";
		};
		28CA6D9F947FBD054AE0625C /* Frameworks */ = {
			isa = PBXGroup;
			children = (
				ABFD40A33984D3747ED8EC10 /* Pods_Spotify.framework */,
			);
			name = Frameworks;
			sourceTree = "<group>";
		};
		EE0A0E0028747EB70006BFC6 = {
			isa = PBXGroup;
			children = (
				EE0A0E0B28747EB70006BFC6 /* Spotify */,
				EE0A0E0A28747EB70006BFC6 /* Products */,
				234FF25DF7A0DD730916357B /* Pods */,
				28CA6D9F947FBD054AE0625C /* Frameworks */,
			);
			sourceTree = "<group>";
		};
		EE0A0E0A28747EB70006BFC6 /* Products */ = {
			isa = PBXGroup;
			children = (
				EE0A0E0928747EB70006BFC6 /* Spotify.app */,
			);
			name = Products;
			sourceTree = "<group>";
		};
		EE0A0E0B28747EB70006BFC6 /* Spotify */ = {
			isa = PBXGroup;
			children = (
				EE8053302887FC0A001EEAE5 /* Resource */,
				EE11A23D28844AFA00BD4B15 /* Application */,
				EE11A2302884413C00BD4B15 /* Repository */,
				EE11A23828844A0900BD4B15 /* Domain */,
				EE11A23A28844A1000BD4B15 /* View */,
				EE11A23928844A0C00BD4B15 /* ViewModel */,
				EE11A235288448ED00BD4B15 /* Model */,
			);
			path = Spotify;
			sourceTree = "<group>";
		};
		EE11A2302884413C00BD4B15 /* Repository */ = {
			isa = PBXGroup;
			children = (
				EE11A2312884420E00BD4B15 /* AuthAPITarget.swift */,
				EE11A2332884466E00BD4B15 /* AuthService.swift */,
			);
			path = Repository;
			sourceTree = "<group>";
		};
		EE11A235288448ED00BD4B15 /* Model */ = {
			isa = PBXGroup;
			children = (
				EE11A236288448F800BD4B15 /* Auth.swift */,
			);
			path = Model;
			sourceTree = "<group>";
		};
		EE11A23828844A0900BD4B15 /* Domain */ = {
			isa = PBXGroup;
			children = (
				EE11A24228844C9800BD4B15 /* AuthStore.swift */,
			);
			path = Domain;
			sourceTree = "<group>";
		};
		EE11A23928844A0C00BD4B15 /* ViewModel */ = {
			isa = PBXGroup;
			children = (
				EE11A24028844B4100BD4B15 /* AuthViewModel.swift */,
			);
			path = ViewModel;
			sourceTree = "<group>";
		};
		EE11A23A28844A1000BD4B15 /* View */ = {
			isa = PBXGroup;
			children = (
				EE0A0E1728747EB80006BFC6 /* LaunchScreen.storyboard */,
				EE11A23B28844A5F00BD4B15 /* AuthViewController.swift */,
			);
			path = View;
			sourceTree = "<group>";
		};
		EE11A23D28844AFA00BD4B15 /* Application */ = {
			isa = PBXGroup;
			children = (
				EE0A0E0C28747EB70006BFC6 /* AppDelegate.swift */,
				EE0A0E0E28747EB70006BFC6 /* SceneDelegate.swift */,
				EE0A0E1A28747EB80006BFC6 /* Info.plist */,
			);
			path = Application;
			sourceTree = "<group>";
		};
		EE11A23F28844B1000BD4B15 /* Asset */ = {
			isa = PBXGroup;
			children = (
				EE0A0E1528747EB80006BFC6 /* Assets.xcassets */,
				EEC98C0028881117007D31AA /* Colors.xcassets */,
			);
			path = Asset;
			sourceTree = "<group>";
		};
		EE8053262887FB5C001EEAE5 /* Font */ = {
			isa = PBXGroup;
			children = (
				EE8053382887FCB8001EEAE5 /* NotoSansKR-Regular.otf */,
				EE8053272887FB7F001EEAE5 /* NotoSansKR-Bold.otf */,
				EE8053292887FB7F001EEAE5 /* NotoSansKR-Light.otf */,
				EE8053282887FB7F001EEAE5 /* NotoSansKR-Medium.otf */,
				EE80532D2887FB88001EEAE5 /* NotoSans-SemiBold.ttf */,
			);
			path = Font;
			sourceTree = "<group>";
		};
		EE80532F2887FC05001EEAE5 /* Extension */ = {
			isa = PBXGroup;
			children = (
				EE8053312887FC1E001EEAE5 /* NSAttributedString+Extension.swift */,
				EE8053332887FC59001EEAE5 /* Font+Extension.swift */,
			);
			path = Extension;
			sourceTree = "<group>";
		};
		EE8053302887FC0A001EEAE5 /* Resource */ = {
			isa = PBXGroup;
			children = (
				EE80532F2887FC05001EEAE5 /* Extension */,
				EE8053262887FB5C001EEAE5 /* Font */,
				EE11A23F28844B1000BD4B15 /* Asset */,
				EEC98BFE288810C1007D31AA /* UIColor+Extension.swift */,
			);
			path = Resource;
			sourceTree = "<group>";
		};
/* End PBXGroup section */

/* Begin PBXNativeTarget section */
		EE0A0E0828747EB70006BFC6 /* Spotify */ = {
			isa = PBXNativeTarget;
			buildConfigurationList = EE0A0E1D28747EB80006BFC6 /* Build configuration list for PBXNativeTarget "Spotify" */;
			buildPhases = (
				582C4D60F639D8F5CFA4A289 /* [CP] Check Pods Manifest.lock */,
				EE0A0E0528747EB70006BFC6 /* Sources */,
				EE0A0E0628747EB70006BFC6 /* Frameworks */,
				EE0A0E0728747EB70006BFC6 /* Resources */,
				8AB3A3920D143303454C9B61 /* [CP] Embed Pods Frameworks */,
			);
			buildRules = (
			);
			dependencies = (
			);
			name = Spotify;
			productName = Spotify;
			productReference = EE0A0E0928747EB70006BFC6 /* Spotify.app */;
			productType = "com.apple.product-type.application";
		};
/* End PBXNativeTarget section */

/* Begin PBXProject section */
		EE0A0E0128747EB70006BFC6 /* Project object */ = {
			isa = PBXProject;
			attributes = {
				BuildIndependentTargetsInParallel = 1;
				LastSwiftUpdateCheck = 1340;
				LastUpgradeCheck = 1340;
				TargetAttributes = {
					EE0A0E0828747EB70006BFC6 = {
						CreatedOnToolsVersion = 13.4.1;
					};
				};
			};
			buildConfigurationList = EE0A0E0428747EB70006BFC6 /* Build configuration list for PBXProject "Spotify" */;
			compatibilityVersion = "Xcode 13.0";
			developmentRegion = en;
			hasScannedForEncodings = 0;
			knownRegions = (
				en,
				Base,
			);
			mainGroup = EE0A0E0028747EB70006BFC6;
			productRefGroup = EE0A0E0A28747EB70006BFC6 /* Products */;
			projectDirPath = "";
			projectRoot = "";
			targets = (
				EE0A0E0828747EB70006BFC6 /* Spotify */,
			);
		};
/* End PBXProject section */

/* Begin PBXResourcesBuildPhase section */
		EE0A0E0728747EB70006BFC6 /* Resources */ = {
			isa = PBXResourcesBuildPhase;
			buildActionMask = 2147483647;
			files = (
				EE80532B2887FB7F001EEAE5 /* NotoSansKR-Medium.otf in Resources */,
				EE80532C2887FB7F001EEAE5 /* NotoSansKR-Light.otf in Resources */,
				EE80532E2887FB88001EEAE5 /* NotoSans-SemiBold.ttf in Resources */,
				EE0A0E1928747EB80006BFC6 /* LaunchScreen.storyboard in Resources */,
				EE80532A2887FB7F001EEAE5 /* NotoSansKR-Bold.otf in Resources */,
				EE0A0E1628747EB80006BFC6 /* Assets.xcassets in Resources */,
				EEC98C0128881117007D31AA /* Colors.xcassets in Resources */,
			);
			runOnlyForDeploymentPostprocessing = 0;
		};
/* End PBXResourcesBuildPhase section */

/* Begin PBXShellScriptBuildPhase section */
		582C4D60F639D8F5CFA4A289 /* [CP] Check Pods Manifest.lock */ = {
			isa = PBXShellScriptBuildPhase;
			buildActionMask = 2147483647;
			files = (
			);
			inputFileListPaths = (
			);
			inputPaths = (
				"${PODS_PODFILE_DIR_PATH}/Podfile.lock",
				"${PODS_ROOT}/Manifest.lock",
			);
			name = "[CP] Check Pods Manifest.lock";
			outputFileListPaths = (
			);
			outputPaths = (
				"$(DERIVED_FILE_DIR)/Pods-Spotify-checkManifestLockResult.txt",
			);
			runOnlyForDeploymentPostprocessing = 0;
			shellPath = /bin/sh;
			shellScript = "diff \"${PODS_PODFILE_DIR_PATH}/Podfile.lock\" \"${PODS_ROOT}/Manifest.lock\" > /dev/null\nif [ $? != 0 ] ; then\n    # print error to STDERR\n    echo \"error: The sandbox is not in sync with the Podfile.lock. Run 'pod install' or update your CocoaPods installation.\" >&2\n    exit 1\nfi\n# This output is used by Xcode 'outputs' to avoid re-running this script phase.\necho \"SUCCESS\" > \"${SCRIPT_OUTPUT_FILE_0}\"\n";
			showEnvVarsInLog = 0;
		};
		8AB3A3920D143303454C9B61 /* [CP] Embed Pods Frameworks */ = {
			isa = PBXShellScriptBuildPhase;
			buildActionMask = 2147483647;
			files = (
			);
			inputFileListPaths = (
				"${PODS_ROOT}/Target Support Files/Pods-Spotify/Pods-Spotify-frameworks-${CONFIGURATION}-input-files.xcfilelist",
			);
			name = "[CP] Embed Pods Frameworks";
			outputFileListPaths = (
				"${PODS_ROOT}/Target Support Files/Pods-Spotify/Pods-Spotify-frameworks-${CONFIGURATION}-output-files.xcfilelist",
			);
			runOnlyForDeploymentPostprocessing = 0;
			shellPath = /bin/sh;
			shellScript = "\"${PODS_ROOT}/Target Support Files/Pods-Spotify/Pods-Spotify-frameworks.sh\"\n";
			showEnvVarsInLog = 0;
		};
/* End PBXShellScriptBuildPhase section */

/* Begin PBXSourcesBuildPhase section */
		EE0A0E0528747EB70006BFC6 /* Sources */ = {
			isa = PBXSourcesBuildPhase;
			buildActionMask = 2147483647;
			files = (
				EE8053322887FC1E001EEAE5 /* NSAttributedString+Extension.swift in Sources */,
				EE0A0E0D28747EB70006BFC6 /* AppDelegate.swift in Sources */,
				EE11A24328844C9800BD4B15 /* AuthStore.swift in Sources */,
				EEC98BFF288810C1007D31AA /* UIColor+Extension.swift in Sources */,
				EE11A2342884466E00BD4B15 /* AuthService.swift in Sources */,
				EE11A23C28844A5F00BD4B15 /* AuthViewController.swift in Sources */,
				EE11A24128844B4100BD4B15 /* AuthViewModel.swift in Sources */,
				EE8053342887FC59001EEAE5 /* Font+Extension.swift in Sources */,
				EE0A0E0F28747EB70006BFC6 /* SceneDelegate.swift in Sources */,
				EE11A2322884420E00BD4B15 /* AuthAPITarget.swift in Sources */,
				EE11A237288448F800BD4B15 /* Auth.swift in Sources */,
			);
			runOnlyForDeploymentPostprocessing = 0;
		};
/* End PBXSourcesBuildPhase section */

/* Begin PBXVariantGroup section */
		EE0A0E1728747EB80006BFC6 /* LaunchScreen.storyboard */ = {
			isa = PBXVariantGroup;
			children = (
				EE0A0E1828747EB80006BFC6 /* Base */,
			);
			name = LaunchScreen.storyboard;
			sourceTree = "<group>";
		};
/* End PBXVariantGroup section */

/* Begin XCBuildConfiguration section */
		EE0A0E1B28747EB80006BFC6 /* Debug */ = {
			isa = XCBuildConfiguration;
			buildSettings = {
				ALWAYS_SEARCH_USER_PATHS = NO;
				CLANG_ANALYZER_NONNULL = YES;
				CLANG_ANALYZER_NUMBER_OBJECT_CONVERSION = YES_AGGRESSIVE;
				CLANG_CXX_LANGUAGE_STANDARD = "gnu++17";
				CLANG_ENABLE_MODULES = YES;
				CLANG_ENABLE_OBJC_ARC = YES;
				CLANG_ENABLE_OBJC_WEAK = YES;
				CLANG_WARN_BLOCK_CAPTURE_AUTORELEASING = YES;
				CLANG_WARN_BOOL_CONVERSION = YES;
				CLANG_WARN_COMMA = YES;
				CLANG_WARN_CONSTANT_CONVERSION = YES;
				CLANG_WARN_DEPRECATED_OBJC_IMPLEMENTATIONS = YES;
				CLANG_WARN_DIRECT_OBJC_ISA_USAGE = YES_ERROR;
				CLANG_WARN_DOCUMENTATION_COMMENTS = YES;
				CLANG_WARN_EMPTY_BODY = YES;
				CLANG_WARN_ENUM_CONVERSION = YES;
				CLANG_WARN_INFINITE_RECURSION = YES;
				CLANG_WARN_INT_CONVERSION = YES;
				CLANG_WARN_NON_LITERAL_NULL_CONVERSION = YES;
				CLANG_WARN_OBJC_IMPLICIT_RETAIN_SELF = YES;
				CLANG_WARN_OBJC_LITERAL_CONVERSION = YES;
				CLANG_WARN_OBJC_ROOT_CLASS = YES_ERROR;
				CLANG_WARN_QUOTED_INCLUDE_IN_FRAMEWORK_HEADER = YES;
				CLANG_WARN_RANGE_LOOP_ANALYSIS = YES;
				CLANG_WARN_STRICT_PROTOTYPES = YES;
				CLANG_WARN_SUSPICIOUS_MOVE = YES;
				CLANG_WARN_UNGUARDED_AVAILABILITY = YES_AGGRESSIVE;
				CLANG_WARN_UNREACHABLE_CODE = YES;
				CLANG_WARN__DUPLICATE_METHOD_MATCH = YES;
				COPY_PHASE_STRIP = NO;
				DEBUG_INFORMATION_FORMAT = dwarf;
				ENABLE_STRICT_OBJC_MSGSEND = YES;
				ENABLE_TESTABILITY = YES;
				GCC_C_LANGUAGE_STANDARD = gnu11;
				GCC_DYNAMIC_NO_PIC = NO;
				GCC_NO_COMMON_BLOCKS = YES;
				GCC_OPTIMIZATION_LEVEL = 0;
				GCC_PREPROCESSOR_DEFINITIONS = (
					"DEBUG=1",
					"$(inherited)",
				);
				GCC_WARN_64_TO_32_BIT_CONVERSION = YES;
				GCC_WARN_ABOUT_RETURN_TYPE = YES_ERROR;
				GCC_WARN_UNDECLARED_SELECTOR = YES;
				GCC_WARN_UNINITIALIZED_AUTOS = YES_AGGRESSIVE;
				GCC_WARN_UNUSED_FUNCTION = YES;
				GCC_WARN_UNUSED_VARIABLE = YES;
				IPHONEOS_DEPLOYMENT_TARGET = 14.0;
				MTL_ENABLE_DEBUG_INFO = INCLUDE_SOURCE;
				MTL_FAST_MATH = YES;
				ONLY_ACTIVE_ARCH = YES;
				SDKROOT = iphoneos;
				SWIFT_ACTIVE_COMPILATION_CONDITIONS = DEBUG;
				SWIFT_OPTIMIZATION_LEVEL = "-Onone";
			};
			name = Debug;
		};
		EE0A0E1C28747EB80006BFC6 /* Release */ = {
			isa = XCBuildConfiguration;
			buildSettings = {
				ALWAYS_SEARCH_USER_PATHS = NO;
				CLANG_ANALYZER_NONNULL = YES;
				CLANG_ANALYZER_NUMBER_OBJECT_CONVERSION = YES_AGGRESSIVE;
				CLANG_CXX_LANGUAGE_STANDARD = "gnu++17";
				CLANG_ENABLE_MODULES = YES;
				CLANG_ENABLE_OBJC_ARC = YES;
				CLANG_ENABLE_OBJC_WEAK = YES;
				CLANG_WARN_BLOCK_CAPTURE_AUTORELEASING = YES;
				CLANG_WARN_BOOL_CONVERSION = YES;
				CLANG_WARN_COMMA = YES;
				CLANG_WARN_CONSTANT_CONVERSION = YES;
				CLANG_WARN_DEPRECATED_OBJC_IMPLEMENTATIONS = YES;
				CLANG_WARN_DIRECT_OBJC_ISA_USAGE = YES_ERROR;
				CLANG_WARN_DOCUMENTATION_COMMENTS = YES;
				CLANG_WARN_EMPTY_BODY = YES;
				CLANG_WARN_ENUM_CONVERSION = YES;
				CLANG_WARN_INFINITE_RECURSION = YES;
				CLANG_WARN_INT_CONVERSION = YES;
				CLANG_WARN_NON_LITERAL_NULL_CONVERSION = YES;
				CLANG_WARN_OBJC_IMPLICIT_RETAIN_SELF = YES;
				CLANG_WARN_OBJC_LITERAL_CONVERSION = YES;
				CLANG_WARN_OBJC_ROOT_CLASS = YES_ERROR;
				CLANG_WARN_QUOTED_INCLUDE_IN_FRAMEWORK_HEADER = YES;
				CLANG_WARN_RANGE_LOOP_ANALYSIS = YES;
				CLANG_WARN_STRICT_PROTOTYPES = YES;
				CLANG_WARN_SUSPICIOUS_MOVE = YES;
				CLANG_WARN_UNGUARDED_AVAILABILITY = YES_AGGRESSIVE;
				CLANG_WARN_UNREACHABLE_CODE = YES;
				CLANG_WARN__DUPLICATE_METHOD_MATCH = YES;
				COPY_PHASE_STRIP = NO;
				DEBUG_INFORMATION_FORMAT = "dwarf-with-dsym";
				ENABLE_NS_ASSERTIONS = NO;
				ENABLE_STRICT_OBJC_MSGSEND = YES;
				GCC_C_LANGUAGE_STANDARD = gnu11;
				GCC_NO_COMMON_BLOCKS = YES;
				GCC_WARN_64_TO_32_BIT_CONVERSION = YES;
				GCC_WARN_ABOUT_RETURN_TYPE = YES_ERROR;
				GCC_WARN_UNDECLARED_SELECTOR = YES;
				GCC_WARN_UNINITIALIZED_AUTOS = YES_AGGRESSIVE;
				GCC_WARN_UNUSED_FUNCTION = YES;
				GCC_WARN_UNUSED_VARIABLE = YES;
				IPHONEOS_DEPLOYMENT_TARGET = 14.0;
				MTL_ENABLE_DEBUG_INFO = NO;
				MTL_FAST_MATH = YES;
				SDKROOT = iphoneos;
				SWIFT_COMPILATION_MODE = wholemodule;
				SWIFT_OPTIMIZATION_LEVEL = "-O";
				VALIDATE_PRODUCT = YES;
			};
			name = Release;
		};
		EE0A0E1E28747EB80006BFC6 /* Debug */ = {
			isa = XCBuildConfiguration;
			baseConfigurationReference = 536F7B18CE287F688A9B4DF3 /* Pods-Spotify.debug.xcconfig */;
			buildSettings = {
				ASSETCATALOG_COMPILER_APPICON_NAME = AppIcon;
				ASSETCATALOG_COMPILER_GLOBAL_ACCENT_COLOR_NAME = AccentColor;
				CODE_SIGN_STYLE = Automatic;
				CURRENT_PROJECT_VERSION = 1;
				DEVELOPMENT_TEAM = DU7FSA5JUQ;
				GENERATE_INFOPLIST_FILE = YES;
				INFOPLIST_FILE = Spotify/Application/Info.plist;
				INFOPLIST_KEY_UIApplicationSupportsIndirectInputEvents = YES;
				INFOPLIST_KEY_UILaunchStoryboardName = LaunchScreen;
				INFOPLIST_KEY_UISupportedInterfaceOrientations_iPad = "UIInterfaceOrientationPortrait UIInterfaceOrientationPortraitUpsideDown UIInterfaceOrientationLandscapeLeft UIInterfaceOrientationLandscapeRight";
				INFOPLIST_KEY_UISupportedInterfaceOrientations_iPhone = "UIInterfaceOrientationPortrait UIInterfaceOrientationLandscapeLeft UIInterfaceOrientationLandscapeRight";
				IPHONEOS_DEPLOYMENT_TARGET = 15.0;
				LD_RUNPATH_SEARCH_PATHS = (
					"$(inherited)",
					"@executable_path/Frameworks",
				);
				MARKETING_VERSION = 1.0;
				PRODUCT_BUNDLE_IDENTIFIER = com.seoultech.Spotify;
				PRODUCT_NAME = "$(TARGET_NAME)";
				SWIFT_EMIT_LOC_STRINGS = YES;
				SWIFT_VERSION = 5.0;
				TARGETED_DEVICE_FAMILY = 1;
			};
			name = Debug;
		};
		EE0A0E1F28747EB80006BFC6 /* Release */ = {
			isa = XCBuildConfiguration;
			baseConfigurationReference = 1DB089C993CE8868D66CAB9F /* Pods-Spotify.release.xcconfig */;
			buildSettings = {
				ASSETCATALOG_COMPILER_APPICON_NAME = AppIcon;
				ASSETCATALOG_COMPILER_GLOBAL_ACCENT_COLOR_NAME = AccentColor;
				CODE_SIGN_STYLE = Automatic;
				CURRENT_PROJECT_VERSION = 1;
				DEVELOPMENT_TEAM = DU7FSA5JUQ;
				GENERATE_INFOPLIST_FILE = YES;
				INFOPLIST_FILE = Spotify/Application/Info.plist;
				INFOPLIST_KEY_UIApplicationSupportsIndirectInputEvents = YES;
				INFOPLIST_KEY_UILaunchStoryboardName = LaunchScreen;
				INFOPLIST_KEY_UISupportedInterfaceOrientations_iPad = "UIInterfaceOrientationPortrait UIInterfaceOrientationPortraitUpsideDown UIInterfaceOrientationLandscapeLeft UIInterfaceOrientationLandscapeRight";
				INFOPLIST_KEY_UISupportedInterfaceOrientations_iPhone = "UIInterfaceOrientationPortrait UIInterfaceOrientationLandscapeLeft UIInterfaceOrientationLandscapeRight";
				IPHONEOS_DEPLOYMENT_TARGET = 15.0;
				LD_RUNPATH_SEARCH_PATHS = (
					"$(inherited)",
					"@executable_path/Frameworks",
				);
				MARKETING_VERSION = 1.0;
				PRODUCT_BUNDLE_IDENTIFIER = com.seoultech.Spotify;
				PRODUCT_NAME = "$(TARGET_NAME)";
				SWIFT_EMIT_LOC_STRINGS = YES;
				SWIFT_VERSION = 5.0;
				TARGETED_DEVICE_FAMILY = 1;
			};
			name = Release;
		};
/* End XCBuildConfiguration section */

/* Begin XCConfigurationList section */
		EE0A0E0428747EB70006BFC6 /* Build configuration list for PBXProject "Spotify" */ = {
			isa = XCConfigurationList;
			buildConfigurations = (
				EE0A0E1B28747EB80006BFC6 /* Debug */,
				EE0A0E1C28747EB80006BFC6 /* Release */,
			);
			defaultConfigurationIsVisible = 0;
			defaultConfigurationName = Release;
		};
		EE0A0E1D28747EB80006BFC6 /* Build configuration list for PBXNativeTarget "Spotify" */ = {
			isa = XCConfigurationList;
			buildConfigurations = (
				EE0A0E1E28747EB80006BFC6 /* Debug */,
				EE0A0E1F28747EB80006BFC6 /* Release */,
			);
			defaultConfigurationIsVisible = 0;
			defaultConfigurationName = Release;
		};
/* End XCConfigurationList section */
	};
	rootObject = EE0A0E0128747EB70006BFC6 /* Project object */;
}
